// !$*UTF8*$!
{
	archiveVersion = 1;
	classes = {
	};
	objectVersion = 56;
	objects = {

/* Begin PBXBuildFile section */
		A11773962BAD6F7F00A27F35 /* AppDelegate.swift in Sources */ = {isa = PBXBuildFile; fileRef = A11773952BAD6F7F00A27F35 /* AppDelegate.swift */; };
		A117739A2BAD6F7F00A27F35 /* LoginViewController.swift in Sources */ = {isa = PBXBuildFile; fileRef = A11773992BAD6F7F00A27F35 /* LoginViewController.swift */; };
		A117739F2BAD6F8000A27F35 /* Assets.xcassets in Resources */ = {isa = PBXBuildFile; fileRef = A117739E2BAD6F8000A27F35 /* Assets.xcassets */; };
		A11773A22BAD6F8000A27F35 /* Base in Resources */ = {isa = PBXBuildFile; fileRef = A11773A12BAD6F8000A27F35 /* Base */; };
		A11773AC2BAD75A700A27F35 /* LoginView.swift in Sources */ = {isa = PBXBuildFile; fileRef = A11773AB2BAD75A700A27F35 /* LoginView.swift */; };
		A15BD6012BAED234001799B0 /* OnboardingContainerViewController.swift in Sources */ = {isa = PBXBuildFile; fileRef = A15BD6002BAED233001799B0 /* OnboardingContainerViewController.swift */; };
		A15BD6032BAED7DE001799B0 /* OnboardingViewController.swift in Sources */ = {isa = PBXBuildFile; fileRef = A15BD6022BAED7DE001799B0 /* OnboardingViewController.swift */; };
		A15BD6052BAF05C7001799B0 /* DummyViewController.swift in Sources */ = {isa = PBXBuildFile; fileRef = A15BD6042BAF05C7001799B0 /* DummyViewController.swift */; };
		A15BD6082BAF0C37001799B0 /* LocalState.swift in Sources */ = {isa = PBXBuildFile; fileRef = A15BD6072BAF0C37001799B0 /* LocalState.swift */; };
		A1879B602BB0A481001C62E6 /* UIViewController+Utils.swift in Sources */ = {isa = PBXBuildFile; fileRef = A1879B5F2BB0A481001C62E6 /* UIViewController+Utils.swift */; };
		A1879B622BB0A5AE001C62E6 /* MainViewController.swift in Sources */ = {isa = PBXBuildFile; fileRef = A1879B612BB0A5AE001C62E6 /* MainViewController.swift */; };
/* End PBXBuildFile section */

/* Begin PBXFileReference section */
		A11773922BAD6F7F00A27F35 /* BankeyApp.app */ = {isa = PBXFileReference; explicitFileType = wrapper.application; includeInIndex = 0; path = BankeyApp.app; sourceTree = BUILT_PRODUCTS_DIR; };
		A11773952BAD6F7F00A27F35 /* AppDelegate.swift */ = {isa = PBXFileReference; lastKnownFileType = sourcecode.swift; path = AppDelegate.swift; sourceTree = "<group>"; };
		A11773992BAD6F7F00A27F35 /* LoginViewController.swift */ = {isa = PBXFileReference; lastKnownFileType = sourcecode.swift; path = LoginViewController.swift; sourceTree = "<group>"; };
		A117739E2BAD6F8000A27F35 /* Assets.xcassets */ = {isa = PBXFileReference; lastKnownFileType = folder.assetcatalog; path = Assets.xcassets; sourceTree = "<group>"; };
		A11773A12BAD6F8000A27F35 /* Base */ = {isa = PBXFileReference; lastKnownFileType = file.storyboard; name = Base; path = Base.lproj/LaunchScreen.storyboard; sourceTree = "<group>"; };
		A11773A32BAD6F8000A27F35 /* Info.plist */ = {isa = PBXFileReference; lastKnownFileType = text.plist.xml; path = Info.plist; sourceTree = "<group>"; };
		A11773AB2BAD75A700A27F35 /* LoginView.swift */ = {isa = PBXFileReference; lastKnownFileType = sourcecode.swift; path = LoginView.swift; sourceTree = "<group>"; };
		A15BD6002BAED233001799B0 /* OnboardingContainerViewController.swift */ = {isa = PBXFileReference; lastKnownFileType = sourcecode.swift; path = OnboardingContainerViewController.swift; sourceTree = "<group>"; };
		A15BD6022BAED7DE001799B0 /* OnboardingViewController.swift */ = {isa = PBXFileReference; lastKnownFileType = sourcecode.swift; path = OnboardingViewController.swift; sourceTree = "<group>"; };
		A15BD6042BAF05C7001799B0 /* DummyViewController.swift */ = {isa = PBXFileReference; lastKnownFileType = sourcecode.swift; path = DummyViewController.swift; sourceTree = "<group>"; };
		A15BD6072BAF0C37001799B0 /* LocalState.swift */ = {isa = PBXFileReference; lastKnownFileType = sourcecode.swift; path = LocalState.swift; sourceTree = "<group>"; };
		A1879B5F2BB0A481001C62E6 /* UIViewController+Utils.swift */ = {isa = PBXFileReference; lastKnownFileType = sourcecode.swift; path = "UIViewController+Utils.swift"; sourceTree = "<group>"; };
		A1879B612BB0A5AE001C62E6 /* MainViewController.swift */ = {isa = PBXFileReference; lastKnownFileType = sourcecode.swift; path = MainViewController.swift; sourceTree = "<group>"; };
/* End PBXFileReference section */

/* Begin PBXFrameworksBuildPhase section */
		A117738F2BAD6F7F00A27F35 /* Frameworks */ = {
			isa = PBXFrameworksBuildPhase;
			buildActionMask = 2147483647;
			files = (
			);
			runOnlyForDeploymentPostprocessing = 0;
		};
/* End PBXFrameworksBuildPhase section */

/* Begin PBXGroup section */
		A11773892BAD6F7F00A27F35 = {
			isa = PBXGroup;
			children = (
				A11773942BAD6F7F00A27F35 /* BankeyApp */,
				A11773932BAD6F7F00A27F35 /* Products */,
			);
			sourceTree = "<group>";
		};
		A11773932BAD6F7F00A27F35 /* Products */ = {
			isa = PBXGroup;
			children = (
				A11773922BAD6F7F00A27F35 /* BankeyApp.app */,
			);
			name = Products;
			sourceTree = "<group>";
		};
		A11773942BAD6F7F00A27F35 /* BankeyApp */ = {
			isa = PBXGroup;
			children = (
				A11773952BAD6F7F00A27F35 /* AppDelegate.swift */,
				A11773AA2BAD758500A27F35 /* Login */,
				A15BD5FF2BAED1FE001799B0 /* Onboarding */,
				A15BD6062BAF0C28001799B0 /* Utils */,
				A11773A92BAD753C00A27F35 /* Files */,
				A1879B612BB0A5AE001C62E6 /* MainViewController.swift */,
			);
			path = BankeyApp;
			sourceTree = "<group>";
		};
		A11773A92BAD753C00A27F35 /* Files */ = {
			isa = PBXGroup;
			children = (
				A117739E2BAD6F8000A27F35 /* Assets.xcassets */,
				A11773A02BAD6F8000A27F35 /* LaunchScreen.storyboard */,
				A11773A32BAD6F8000A27F35 /* Info.plist */,
			);
			name = Files;
			sourceTree = "<group>";
		};
		A11773AA2BAD758500A27F35 /* Login */ = {
			isa = PBXGroup;
			children = (
				A11773992BAD6F7F00A27F35 /* LoginViewController.swift */,
				A15BD6042BAF05C7001799B0 /* DummyViewController.swift */,
				A11773AB2BAD75A700A27F35 /* LoginView.swift */,
			);
			path = Login;
			sourceTree = "<group>";
		};
		A15BD5FF2BAED1FE001799B0 /* Onboarding */ = {
			isa = PBXGroup;
			children = (
				A15BD6002BAED233001799B0 /* OnboardingContainerViewController.swift */,
				A15BD6022BAED7DE001799B0 /* OnboardingViewController.swift */,
			);
			path = Onboarding;
			sourceTree = "<group>";
		};
		A15BD6062BAF0C28001799B0 /* Utils */ = {
			isa = PBXGroup;
			children = (
				A15BD6072BAF0C37001799B0 /* LocalState.swift */,
				A1879B5F2BB0A481001C62E6 /* UIViewController+Utils.swift */,
			);
			path = Utils;
			sourceTree = "<group>";
		};
/* End PBXGroup section */

/* Begin PBXNativeTarget section */
		A11773912BAD6F7F00A27F35 /* BankeyApp */ = {
			isa = PBXNativeTarget;
			buildConfigurationList = A11773A62BAD6F8000A27F35 /* Build configuration list for PBXNativeTarget "BankeyApp" */;
			buildPhases = (
				A117738E2BAD6F7F00A27F35 /* Sources */,
				A117738F2BAD6F7F00A27F35 /* Frameworks */,
				A11773902BAD6F7F00A27F35 /* Resources */,
			);
			buildRules = (
			);
			dependencies = (
			);
			name = BankeyApp;
			productName = BankeyApp;
			productReference = A11773922BAD6F7F00A27F35 /* BankeyApp.app */;
			productType = "com.apple.product-type.application";
		};
/* End PBXNativeTarget section */

/* Begin PBXProject section */
		A117738A2BAD6F7F00A27F35 /* Project object */ = {
			isa = PBXProject;
			attributes = {
				BuildIndependentTargetsInParallel = 1;
				LastSwiftUpdateCheck = 1530;
				LastUpgradeCheck = 1530;
				TargetAttributes = {
					A11773912BAD6F7F00A27F35 = {
						CreatedOnToolsVersion = 15.3;
					};
				};
			};
			buildConfigurationList = A117738D2BAD6F7F00A27F35 /* Build configuration list for PBXProject "BankeyApp" */;
			compatibilityVersion = "Xcode 14.0";
			developmentRegion = en;
			hasScannedForEncodings = 0;
			knownRegions = (
				en,
				Base,
			);
			mainGroup = A11773892BAD6F7F00A27F35;
			productRefGroup = A11773932BAD6F7F00A27F35 /* Products */;
			projectDirPath = "";
			projectRoot = "";
			targets = (
				A11773912BAD6F7F00A27F35 /* BankeyApp */,
			);
		};
/* End PBXProject section */

/* Begin PBXResourcesBuildPhase section */
		A11773902BAD6F7F00A27F35 /* Resources */ = {
			isa = PBXResourcesBuildPhase;
			buildActionMask = 2147483647;
			files = (
				A117739F2BAD6F8000A27F35 /* Assets.xcassets in Resources */,
				A11773A22BAD6F8000A27F35 /* Base in Resources */,
			);
			runOnlyForDeploymentPostprocessing = 0;
		};
/* End PBXResourcesBuildPhase section */

/* Begin PBXSourcesBuildPhase section */
		A117738E2BAD6F7F00A27F35 /* Sources */ = {
			isa = PBXSourcesBuildPhase;
			buildActionMask = 2147483647;
			files = (
				A1879B602BB0A481001C62E6 /* UIViewController+Utils.swift in Sources */,
				A11773AC2BAD75A700A27F35 /* LoginView.swift in Sources */,
				A15BD6082BAF0C37001799B0 /* LocalState.swift in Sources */,
				A15BD6052BAF05C7001799B0 /* DummyViewController.swift in Sources */,
				A117739A2BAD6F7F00A27F35 /* LoginViewController.swift in Sources */,
				A15BD6032BAED7DE001799B0 /* OnboardingViewController.swift in Sources */,
				A1879B622BB0A5AE001C62E6 /* MainViewController.swift in Sources */,
				A11773962BAD6F7F00A27F35 /* AppDelegate.swift in Sources */,
				A15BD6012BAED234001799B0 /* OnboardingContainerViewController.swift in Sources */,
			);
			runOnlyForDeploymentPostprocessing = 0;
		};
/* End PBXSourcesBuildPhase section */

/* Begin PBXVariantGroup section */
		A11773A02BAD6F8000A27F35 /* LaunchScreen.storyboard */ = {
			isa = PBXVariantGroup;
			children = (
				A11773A12BAD6F8000A27F35 /* Base */,
			);
			name = LaunchScreen.storyboard;
			sourceTree = "<group>";
		};
/* End PBXVariantGroup section */

/* Begin XCBuildConfiguration section */
		A11773A42BAD6F8000A27F35 /* Debug */ = {
			isa = XCBuildConfiguration;
			buildSettings = {
				ALWAYS_SEARCH_USER_PATHS = NO;
				ASSETCATALOG_COMPILER_GENERATE_SWIFT_ASSET_SYMBOL_EXTENSIONS = YES;
				CLANG_ANALYZER_NONNULL = YES;
				CLANG_ANALYZER_NUMBER_OBJECT_CONVERSION = YES_AGGRESSIVE;
				CLANG_CXX_LANGUAGE_STANDARD = "gnu++20";
				CLANG_ENABLE_MODULES = YES;
				CLANG_ENABLE_OBJC_ARC = YES;
				CLANG_ENABLE_OBJC_WEAK = YES;
				CLANG_WARN_BLOCK_CAPTURE_AUTORELEASING = YES;
				CLANG_WARN_BOOL_CONVERSION = YES;
				CLANG_WARN_COMMA = YES;
				CLANG_WARN_CONSTANT_CONVERSION = YES;
				CLANG_WARN_DEPRECATED_OBJC_IMPLEMENTATIONS = YES;
				CLANG_WARN_DIRECT_OBJC_ISA_USAGE = YES_ERROR;
				CLANG_WARN_DOCUMENTATION_COMMENTS = YES;
				CLANG_WARN_EMPTY_BODY = YES;
				CLANG_WARN_ENUM_CONVERSION = YES;
				CLANG_WARN_INFINITE_RECURSION = YES;
				CLANG_WARN_INT_CONVERSION = YES;
				CLANG_WARN_NON_LITERAL_NULL_CONVERSION = YES;
				CLANG_WARN_OBJC_IMPLICIT_RETAIN_SELF = YES;
				CLANG_WARN_OBJC_LITERAL_CONVERSION = YES;
				CLANG_WARN_OBJC_ROOT_CLASS = YES_ERROR;
				CLANG_WARN_QUOTED_INCLUDE_IN_FRAMEWORK_HEADER = YES;
				CLANG_WARN_RANGE_LOOP_ANALYSIS = YES;
				CLANG_WARN_STRICT_PROTOTYPES = YES;
				CLANG_WARN_SUSPICIOUS_MOVE = YES;
				CLANG_WARN_UNGUARDED_AVAILABILITY = YES_AGGRESSIVE;
				CLANG_WARN_UNREACHABLE_CODE = YES;
				CLANG_WARN__DUPLICATE_METHOD_MATCH = YES;
				COPY_PHASE_STRIP = NO;
				DEBUG_INFORMATION_FORMAT = dwarf;
				ENABLE_STRICT_OBJC_MSGSEND = YES;
				ENABLE_TESTABILITY = YES;
				ENABLE_USER_SCRIPT_SANDBOXING = YES;
				GCC_C_LANGUAGE_STANDARD = gnu17;
				GCC_DYNAMIC_NO_PIC = NO;
				GCC_NO_COMMON_BLOCKS = YES;
				GCC_OPTIMIZATION_LEVEL = 0;
				GCC_PREPROCESSOR_DEFINITIONS = (
					"DEBUG=1",
					"$(inherited)",
				);
				GCC_WARN_64_TO_32_BIT_CONVERSION = YES;
				GCC_WARN_ABOUT_RETURN_TYPE = YES_ERROR;
				GCC_WARN_UNDECLARED_SELECTOR = YES;
				GCC_WARN_UNINITIALIZED_AUTOS = YES_AGGRESSIVE;
				GCC_WARN_UNUSED_FUNCTION = YES;
				GCC_WARN_UNUSED_VARIABLE = YES;
				IPHONEOS_DEPLOYMENT_TARGET = 17.4;
				LOCALIZATION_PREFERS_STRING_CATALOGS = YES;
				MTL_ENABLE_DEBUG_INFO = INCLUDE_SOURCE;
				MTL_FAST_MATH = YES;
				ONLY_ACTIVE_ARCH = YES;
				SDKROOT = iphoneos;
				SWIFT_ACTIVE_COMPILATION_CONDITIONS = "DEBUG $(inherited)";
				SWIFT_OPTIMIZATION_LEVEL = "-Onone";
			};
			name = Debug;
		};
		A11773A52BAD6F8000A27F35 /* Release */ = {
			isa = XCBuildConfiguration;
			buildSettings = {
				ALWAYS_SEARCH_USER_PATHS = NO;
				ASSETCATALOG_COMPILER_GENERATE_SWIFT_ASSET_SYMBOL_EXTENSIONS = YES;
				CLANG_ANALYZER_NONNULL = YES;
				CLANG_ANALYZER_NUMBER_OBJECT_CONVERSION = YES_AGGRESSIVE;
				CLANG_CXX_LANGUAGE_STANDARD = "gnu++20";
				CLANG_ENABLE_MODULES = YES;
				CLANG_ENABLE_OBJC_ARC = YES;
				CLANG_ENABLE_OBJC_WEAK = YES;
				CLANG_WARN_BLOCK_CAPTURE_AUTORELEASING = YES;
				CLANG_WARN_BOOL_CONVERSION = YES;
				CLANG_WARN_COMMA = YES;
				CLANG_WARN_CONSTANT_CONVERSION = YES;
				CLANG_WARN_DEPRECATED_OBJC_IMPLEMENTATIONS = YES;
				CLANG_WARN_DIRECT_OBJC_ISA_USAGE = YES_ERROR;
				CLANG_WARN_DOCUMENTATION_COMMENTS = YES;
				CLANG_WARN_EMPTY_BODY = YES;
				CLANG_WARN_ENUM_CONVERSION = YES;
				CLANG_WARN_INFINITE_RECURSION = YES;
				CLANG_WARN_INT_CONVERSION = YES;
				CLANG_WARN_NON_LITERAL_NULL_CONVERSION = YES;
				CLANG_WARN_OBJC_IMPLICIT_RETAIN_SELF = YES;
				CLANG_WARN_OBJC_LITERAL_CONVERSION = YES;
				CLANG_WARN_OBJC_ROOT_CLASS = YES_ERROR;
				CLANG_WARN_QUOTED_INCLUDE_IN_FRAMEWORK_HEADER = YES;
				CLANG_WARN_RANGE_LOOP_ANALYSIS = YES;
				CLANG_WARN_STRICT_PROTOTYPES = YES;
				CLANG_WARN_SUSPICIOUS_MOVE = YES;
				CLANG_WARN_UNGUARDED_AVAILABILITY = YES_AGGRESSIVE;
				CLANG_WARN_UNREACHABLE_CODE = YES;
				CLANG_WARN__DUPLICATE_METHOD_MATCH = YES;
				COPY_PHASE_STRIP = NO;
				DEBUG_INFORMATION_FORMAT = "dwarf-with-dsym";
				ENABLE_NS_ASSERTIONS = NO;
				ENABLE_STRICT_OBJC_MSGSEND = YES;
				ENABLE_USER_SCRIPT_SANDBOXING = YES;
				GCC_C_LANGUAGE_STANDARD = gnu17;
				GCC_NO_COMMON_BLOCKS = YES;
				GCC_WARN_64_TO_32_BIT_CONVERSION = YES;
				GCC_WARN_ABOUT_RETURN_TYPE = YES_ERROR;
				GCC_WARN_UNDECLARED_SELECTOR = YES;
				GCC_WARN_UNINITIALIZED_AUTOS = YES_AGGRESSIVE;
				GCC_WARN_UNUSED_FUNCTION = YES;
				GCC_WARN_UNUSED_VARIABLE = YES;
				IPHONEOS_DEPLOYMENT_TARGET = 17.4;
				LOCALIZATION_PREFERS_STRING_CATALOGS = YES;
				MTL_ENABLE_DEBUG_INFO = NO;
				MTL_FAST_MATH = YES;
				SDKROOT = iphoneos;
				SWIFT_COMPILATION_MODE = wholemodule;
				VALIDATE_PRODUCT = YES;
			};
			name = Release;
		};
		A11773A72BAD6F8000A27F35 /* Debug */ = {
			isa = XCBuildConfiguration;
			buildSettings = {
				ASSETCATALOG_COMPILER_APPICON_NAME = AppIcon;
				ASSETCATALOG_COMPILER_GLOBAL_ACCENT_COLOR_NAME = AccentColor;
				CODE_SIGN_STYLE = Automatic;
				CURRENT_PROJECT_VERSION = 1;
				DEVELOPMENT_TEAM = 5RR382V6CX;
				GENERATE_INFOPLIST_FILE = YES;
				INFOPLIST_FILE = BankeyApp/Info.plist;
				INFOPLIST_KEY_UIApplicationSupportsIndirectInputEvents = YES;
				INFOPLIST_KEY_UILaunchStoryboardName = LaunchScreen;
				INFOPLIST_KEY_UISupportedInterfaceOrientations_iPad = "UIInterfaceOrientationPortrait UIInterfaceOrientationPortraitUpsideDown UIInterfaceOrientationLandscapeLeft UIInterfaceOrientationLandscapeRight";
				INFOPLIST_KEY_UISupportedInterfaceOrientations_iPhone = "UIInterfaceOrientationPortrait UIInterfaceOrientationLandscapeLeft UIInterfaceOrientationLandscapeRight";
				LD_RUNPATH_SEARCH_PATHS = (
					"$(inherited)",
					"@executable_path/Frameworks",
				);
				MARKETING_VERSION = 1.0;
				PRODUCT_BUNDLE_IDENTIFIER = com.kotyk.BankeyApp;
				PRODUCT_NAME = "$(TARGET_NAME)";
				SWIFT_EMIT_LOC_STRINGS = YES;
				SWIFT_VERSION = 5.0;
				TARGETED_DEVICE_FAMILY = "1,2";
			};
			name = Debug;
		};
		A11773A82BAD6F8000A27F35 /* Release */ = {
			isa = XCBuildConfiguration;
			buildSettings = {
				ASSETCATALOG_COMPILER_APPICON_NAME = AppIcon;
				ASSETCATALOG_COMPILER_GLOBAL_ACCENT_COLOR_NAME = AccentColor;
				CODE_SIGN_STYLE = Automatic;
				CURRENT_PROJECT_VERSION = 1;
				DEVELOPMENT_TEAM = 5RR382V6CX;
				GENERATE_INFOPLIST_FILE = YES;
				INFOPLIST_FILE = BankeyApp/Info.plist;
				INFOPLIST_KEY_UIApplicationSupportsIndirectInputEvents = YES;
				INFOPLIST_KEY_UILaunchStoryboardName = LaunchScreen;
				INFOPLIST_KEY_UISupportedInterfaceOrientations_iPad = "UIInterfaceOrientationPortrait UIInterfaceOrientationPortraitUpsideDown UIInterfaceOrientationLandscapeLeft UIInterfaceOrientationLandscapeRight";
				INFOPLIST_KEY_UISupportedInterfaceOrientations_iPhone = "UIInterfaceOrientationPortrait UIInterfaceOrientationLandscapeLeft UIInterfaceOrientationLandscapeRight";
				LD_RUNPATH_SEARCH_PATHS = (
					"$(inherited)",
					"@executable_path/Frameworks",
				);
				MARKETING_VERSION = 1.0;
				PRODUCT_BUNDLE_IDENTIFIER = com.kotyk.BankeyApp;
				PRODUCT_NAME = "$(TARGET_NAME)";
				SWIFT_EMIT_LOC_STRINGS = YES;
				SWIFT_VERSION = 5.0;
				TARGETED_DEVICE_FAMILY = "1,2";
			};
			name = Release;
		};
/* End XCBuildConfiguration section */

/* Begin XCConfigurationList section */
		A117738D2BAD6F7F00A27F35 /* Build configuration list for PBXProject "BankeyApp" */ = {
			isa = XCConfigurationList;
			buildConfigurations = (
				A11773A42BAD6F8000A27F35 /* Debug */,
				A11773A52BAD6F8000A27F35 /* Release */,
			);
			defaultConfigurationIsVisible = 0;
			defaultConfigurationName = Release;
		};
		A11773A62BAD6F8000A27F35 /* Build configuration list for PBXNativeTarget "BankeyApp" */ = {
			isa = XCConfigurationList;
			buildConfigurations = (
				A11773A72BAD6F8000A27F35 /* Debug */,
				A11773A82BAD6F8000A27F35 /* Release */,
			);
			defaultConfigurationIsVisible = 0;
			defaultConfigurationName = Release;
		};
/* End XCConfigurationList section */
	};
	rootObject = A117738A2BAD6F7F00A27F35 /* Project object */;
}
