// !$*UTF8*$!
{
	archiveVersion = 1;
	classes = {
	};
	objectVersion = 56;
	objects = {

/* Begin PBXBuildFile section */
		A11773962BAD6F7F00A27F35 /* AppDelegate.swift in Sources */ = {isa = PBXBuildFile; fileRef = A11773952BAD6F7F00A27F35 /* AppDelegate.swift */; };
		A117739A2BAD6F7F00A27F35 /* LoginViewController.swift in Sources */ = {isa = PBXBuildFile; fileRef = A11773992BAD6F7F00A27F35 /* LoginViewController.swift */; };
		A117739F2BAD6F8000A27F35 /* Assets.xcassets in Resources */ = {isa = PBXBuildFile; fileRef = A117739E2BAD6F8000A27F35 /* Assets.xcassets */; };
		A11773A22BAD6F8000A27F35 /* Base in Resources */ = {isa = PBXBuildFile; fileRef = A11773A12BAD6F8000A27F35 /* Base */; };
		A11773AC2BAD75A700A27F35 /* LoginView.swift in Sources */ = {isa = PBXBuildFile; fileRef = A11773AB2BAD75A700A27F35 /* LoginView.swift */; };
		A12FF8702BB2E00E0071A118 /* AccountSummaryViewController.swift in Sources */ = {isa = PBXBuildFile; fileRef = A12FF86F2BB2E00E0071A118 /* AccountSummaryViewController.swift */; };
		A12FF8722BB2E3320071A118 /* AccountSummaryHeaderView.swift in Sources */ = {isa = PBXBuildFile; fileRef = A12FF8712BB2E3320071A118 /* AccountSummaryHeaderView.swift */; };
		A12FF8742BB2E39A0071A118 /* AccountSummaryHeaderView.xib in Resources */ = {isa = PBXBuildFile; fileRef = A12FF8732BB2E39A0071A118 /* AccountSummaryHeaderView.xib */; };
		A12FF87A2BB2F3040071A118 /* AccountSummaryCell.swift in Sources */ = {isa = PBXBuildFile; fileRef = A12FF8792BB2F3040071A118 /* AccountSummaryCell.swift */; };
		A12FF87C2BB3124F0071A118 /* Decimal+Utils.swift in Sources */ = {isa = PBXBuildFile; fileRef = A12FF87B2BB3124F0071A118 /* Decimal+Utils.swift */; };
		A12FF87E2BB312690071A118 /* CurrencyFormatter.swift in Sources */ = {isa = PBXBuildFile; fileRef = A12FF87D2BB312690071A118 /* CurrencyFormatter.swift */; };
		A12FF88D2BB31BE40071A118 /* CurrencyFormatterTest.swift in Sources */ = {isa = PBXBuildFile; fileRef = A12FF88C2BB31BE40071A118 /* CurrencyFormatterTest.swift */; };
		A1486AB62BB95D7100AA3352 /* Date+Utils.swift in Sources */ = {isa = PBXBuildFile; fileRef = A1486AB52BB95D7100AA3352 /* Date+Utils.swift */; };
		A1486AB82BB95F1C00AA3352 /* AccountSummaryViewController+Networking.swift in Sources */ = {isa = PBXBuildFile; fileRef = A1486AB72BB95F1C00AA3352 /* AccountSummaryViewController+Networking.swift */; };
		A15BD6012BAED234001799B0 /* OnboardingContainerViewController.swift in Sources */ = {isa = PBXBuildFile; fileRef = A15BD6002BAED233001799B0 /* OnboardingContainerViewController.swift */; };
		A15BD6032BAED7DE001799B0 /* OnboardingViewController.swift in Sources */ = {isa = PBXBuildFile; fileRef = A15BD6022BAED7DE001799B0 /* OnboardingViewController.swift */; };
		A15BD6052BAF05C7001799B0 /* DummyViewController.swift in Sources */ = {isa = PBXBuildFile; fileRef = A15BD6042BAF05C7001799B0 /* DummyViewController.swift */; };
		A15BD6082BAF0C37001799B0 /* LocalState.swift in Sources */ = {isa = PBXBuildFile; fileRef = A15BD6072BAF0C37001799B0 /* LocalState.swift */; };
		A1879B602BB0A481001C62E6 /* UIViewController+Utils.swift in Sources */ = {isa = PBXBuildFile; fileRef = A1879B5F2BB0A481001C62E6 /* UIViewController+Utils.swift */; };
		A1879B622BB0A5AE001C62E6 /* MainViewController.swift in Sources */ = {isa = PBXBuildFile; fileRef = A1879B612BB0A5AE001C62E6 /* MainViewController.swift */; };
		A1ECEAD02BB6C078001C8CB2 /* NSNotificationName.swift in Sources */ = {isa = PBXBuildFile; fileRef = A1ECEACF2BB6C078001C8CB2 /* NSNotificationName.swift */; };
		A1ECEAD22BB6C226001C8CB2 /* UITextField+SecureToggle.swift in Sources */ = {isa = PBXBuildFile; fileRef = A1ECEAD12BB6C226001C8CB2 /* UITextField+SecureToggle.swift */; };
		A1ECEAD52BB6D762001C8CB2 /* ShakeyBellView.swift in Sources */ = {isa = PBXBuildFile; fileRef = A1ECEAD42BB6D762001C8CB2 /* ShakeyBellView.swift */; };
/* End PBXBuildFile section */

/* Begin PBXContainerItemProxy section */
		A12FF8872BB31B190071A118 /* PBXContainerItemProxy */ = {
			isa = PBXContainerItemProxy;
			containerPortal = A117738A2BAD6F7F00A27F35 /* Project object */;
			proxyType = 1;
			remoteGlobalIDString = A11773912BAD6F7F00A27F35;
			remoteInfo = BankeyApp;
		};
/* End PBXContainerItemProxy section */

/* Begin PBXFileReference section */
		A11773922BAD6F7F00A27F35 /* BankeyApp.app */ = {isa = PBXFileReference; explicitFileType = wrapper.application; includeInIndex = 0; path = BankeyApp.app; sourceTree = BUILT_PRODUCTS_DIR; };
		A11773952BAD6F7F00A27F35 /* AppDelegate.swift */ = {isa = PBXFileReference; lastKnownFileType = sourcecode.swift; path = AppDelegate.swift; sourceTree = "<group>"; };
		A11773992BAD6F7F00A27F35 /* LoginViewController.swift */ = {isa = PBXFileReference; lastKnownFileType = sourcecode.swift; path = LoginViewController.swift; sourceTree = "<group>"; };
		A117739E2BAD6F8000A27F35 /* Assets.xcassets */ = {isa = PBXFileReference; lastKnownFileType = folder.assetcatalog; path = Assets.xcassets; sourceTree = "<group>"; };
		A11773A12BAD6F8000A27F35 /* Base */ = {isa = PBXFileReference; lastKnownFileType = file.storyboard; name = Base; path = Base.lproj/LaunchScreen.storyboard; sourceTree = "<group>"; };
		A11773A32BAD6F8000A27F35 /* Info.plist */ = {isa = PBXFileReference; lastKnownFileType = text.plist.xml; path = Info.plist; sourceTree = "<group>"; };
		A11773AB2BAD75A700A27F35 /* LoginView.swift */ = {isa = PBXFileReference; lastKnownFileType = sourcecode.swift; path = LoginView.swift; sourceTree = "<group>"; };
		A12FF86F2BB2E00E0071A118 /* AccountSummaryViewController.swift */ = {isa = PBXFileReference; lastKnownFileType = sourcecode.swift; path = AccountSummaryViewController.swift; sourceTree = "<group>"; };
		A12FF8712BB2E3320071A118 /* AccountSummaryHeaderView.swift */ = {isa = PBXFileReference; lastKnownFileType = sourcecode.swift; path = AccountSummaryHeaderView.swift; sourceTree = "<group>"; };
		A12FF8732BB2E39A0071A118 /* AccountSummaryHeaderView.xib */ = {isa = PBXFileReference; lastKnownFileType = file.xib; path = AccountSummaryHeaderView.xib; sourceTree = "<group>"; };
		A12FF8792BB2F3040071A118 /* AccountSummaryCell.swift */ = {isa = PBXFileReference; lastKnownFileType = sourcecode.swift; path = AccountSummaryCell.swift; sourceTree = "<group>"; };
		A12FF87B2BB3124F0071A118 /* Decimal+Utils.swift */ = {isa = PBXFileReference; lastKnownFileType = sourcecode.swift; path = "Decimal+Utils.swift"; sourceTree = "<group>"; };
		A12FF87D2BB312690071A118 /* CurrencyFormatter.swift */ = {isa = PBXFileReference; lastKnownFileType = sourcecode.swift; path = CurrencyFormatter.swift; sourceTree = "<group>"; };
		A12FF8832BB31B190071A118 /* BankeyAppUnitTests.xctest */ = {isa = PBXFileReference; explicitFileType = wrapper.cfbundle; includeInIndex = 0; path = BankeyAppUnitTests.xctest; sourceTree = BUILT_PRODUCTS_DIR; };
		A12FF88C2BB31BE40071A118 /* CurrencyFormatterTest.swift */ = {isa = PBXFileReference; lastKnownFileType = sourcecode.swift; path = CurrencyFormatterTest.swift; sourceTree = "<group>"; };
		A1486AB52BB95D7100AA3352 /* Date+Utils.swift */ = {isa = PBXFileReference; lastKnownFileType = sourcecode.swift; path = "Date+Utils.swift"; sourceTree = "<group>"; };
		A1486AB72BB95F1C00AA3352 /* AccountSummaryViewController+Networking.swift */ = {isa = PBXFileReference; lastKnownFileType = sourcecode.swift; path = "AccountSummaryViewController+Networking.swift"; sourceTree = "<group>"; };
		A15BD6002BAED233001799B0 /* OnboardingContainerViewController.swift */ = {isa = PBXFileReference; lastKnownFileType = sourcecode.swift; path = OnboardingContainerViewController.swift; sourceTree = "<group>"; };
		A15BD6022BAED7DE001799B0 /* OnboardingViewController.swift */ = {isa = PBXFileReference; lastKnownFileType = sourcecode.swift; path = OnboardingViewController.swift; sourceTree = "<group>"; };
		A15BD6042BAF05C7001799B0 /* DummyViewController.swift */ = {isa = PBXFileReference; lastKnownFileType = sourcecode.swift; path = DummyViewController.swift; sourceTree = "<group>"; };
		A15BD6072BAF0C37001799B0 /* LocalState.swift */ = {isa = PBXFileReference; lastKnownFileType = sourcecode.swift; path = LocalState.swift; sourceTree = "<group>"; };
		A1879B5F2BB0A481001C62E6 /* UIViewController+Utils.swift */ = {isa = PBXFileReference; lastKnownFileType = sourcecode.swift; path = "UIViewController+Utils.swift"; sourceTree = "<group>"; };
		A1879B612BB0A5AE001C62E6 /* MainViewController.swift */ = {isa = PBXFileReference; lastKnownFileType = sourcecode.swift; path = MainViewController.swift; sourceTree = "<group>"; };
		A1ECEACF2BB6C078001C8CB2 /* NSNotificationName.swift */ = {isa = PBXFileReference; lastKnownFileType = sourcecode.swift; path = NSNotificationName.swift; sourceTree = "<group>"; };
		A1ECEAD12BB6C226001C8CB2 /* UITextField+SecureToggle.swift */ = {isa = PBXFileReference; lastKnownFileType = sourcecode.swift; path = "UITextField+SecureToggle.swift"; sourceTree = "<group>"; };
		A1ECEAD42BB6D762001C8CB2 /* ShakeyBellView.swift */ = {isa = PBXFileReference; lastKnownFileType = sourcecode.swift; path = ShakeyBellView.swift; sourceTree = "<group>"; };
/* End PBXFileReference section */

/* Begin PBXFrameworksBuildPhase section */
		A117738F2BAD6F7F00A27F35 /* Frameworks */ = {
			isa = PBXFrameworksBuildPhase;
			buildActionMask = 2147483647;
			files = (
			);
			runOnlyForDeploymentPostprocessing = 0;
		};
		A12FF8802BB31B190071A118 /* Frameworks */ = {
			isa = PBXFrameworksBuildPhase;
			buildActionMask = 2147483647;
			files = (
			);
			runOnlyForDeploymentPostprocessing = 0;
		};
/* End PBXFrameworksBuildPhase section */

/* Begin PBXGroup section */
		A11773892BAD6F7F00A27F35 = {
			isa = PBXGroup;
			children = (
				A11773942BAD6F7F00A27F35 /* BankeyApp */,
				A12FF8842BB31B190071A118 /* BankeyAppUnitTests */,
				A11773932BAD6F7F00A27F35 /* Products */,
			);
			sourceTree = "<group>";
		};
		A11773932BAD6F7F00A27F35 /* Products */ = {
			isa = PBXGroup;
			children = (
				A11773922BAD6F7F00A27F35 /* BankeyApp.app */,
				A12FF8832BB31B190071A118 /* BankeyAppUnitTests.xctest */,
			);
			name = Products;
			sourceTree = "<group>";
		};
		A11773942BAD6F7F00A27F35 /* BankeyApp */ = {
			isa = PBXGroup;
			children = (
				A11773952BAD6F7F00A27F35 /* AppDelegate.swift */,
				A1879B612BB0A5AE001C62E6 /* MainViewController.swift */,
				A11773AA2BAD758500A27F35 /* Login */,
				A15BD5FF2BAED1FE001799B0 /* Onboarding */,
				A12FF86E2BB2DED20071A118 /* AccountSummary */,
				A15BD6062BAF0C28001799B0 /* Utils */,
				A1ECEAD32BB6D742001C8CB2 /* Components */,
				A11773A92BAD753C00A27F35 /* Files */,
			);
			path = BankeyApp;
			sourceTree = "<group>";
		};
		A11773A92BAD753C00A27F35 /* Files */ = {
			isa = PBXGroup;
			children = (
				A117739E2BAD6F8000A27F35 /* Assets.xcassets */,
				A11773A02BAD6F8000A27F35 /* LaunchScreen.storyboard */,
				A11773A32BAD6F8000A27F35 /* Info.plist */,
			);
			name = Files;
			sourceTree = "<group>";
		};
		A11773AA2BAD758500A27F35 /* Login */ = {
			isa = PBXGroup;
			children = (
				A11773992BAD6F7F00A27F35 /* LoginViewController.swift */,
				A15BD6042BAF05C7001799B0 /* DummyViewController.swift */,
				A11773AB2BAD75A700A27F35 /* LoginView.swift */,
			);
			path = Login;
			sourceTree = "<group>";
		};
		A12FF86E2BB2DED20071A118 /* AccountSummary */ = {
			isa = PBXGroup;
			children = (
				A12FF86F2BB2E00E0071A118 /* AccountSummaryViewController.swift */,
				A1486AB72BB95F1C00AA3352 /* AccountSummaryViewController+Networking.swift */,
				A12FF8752BB2F2BA0071A118 /* Header */,
				A12FF8762BB2F2CB0071A118 /* Cells */,
			);
			path = AccountSummary;
			sourceTree = "<group>";
		};
		A12FF8752BB2F2BA0071A118 /* Header */ = {
			isa = PBXGroup;
			children = (
				A12FF8732BB2E39A0071A118 /* AccountSummaryHeaderView.xib */,
				A12FF8712BB2E3320071A118 /* AccountSummaryHeaderView.swift */,
			);
			path = Header;
			sourceTree = "<group>";
		};
		A12FF8762BB2F2CB0071A118 /* Cells */ = {
			isa = PBXGroup;
			children = (
				A12FF8792BB2F3040071A118 /* AccountSummaryCell.swift */,
			);
			path = Cells;
			sourceTree = "<group>";
		};
		A12FF8842BB31B190071A118 /* BankeyAppUnitTests */ = {
			isa = PBXGroup;
			children = (
				A12FF88C2BB31BE40071A118 /* CurrencyFormatterTest.swift */,
			);
			path = BankeyAppUnitTests;
			sourceTree = "<group>";
		};
		A15BD5FF2BAED1FE001799B0 /* Onboarding */ = {
			isa = PBXGroup;
			children = (
				A15BD6002BAED233001799B0 /* OnboardingContainerViewController.swift */,
				A15BD6022BAED7DE001799B0 /* OnboardingViewController.swift */,
			);
			path = Onboarding;
			sourceTree = "<group>";
		};
		A15BD6062BAF0C28001799B0 /* Utils */ = {
			isa = PBXGroup;
			children = (
				A1879B5F2BB0A481001C62E6 /* UIViewController+Utils.swift */,
				A1486AB52BB95D7100AA3352 /* Date+Utils.swift */,
				A12FF87B2BB3124F0071A118 /* Decimal+Utils.swift */,
				A1ECEAD12BB6C226001C8CB2 /* UITextField+SecureToggle.swift */,
				A15BD6072BAF0C37001799B0 /* LocalState.swift */,
				A12FF87D2BB312690071A118 /* CurrencyFormatter.swift */,
				A1ECEACF2BB6C078001C8CB2 /* NSNotificationName.swift */,
			);
			path = Utils;
			sourceTree = "<group>";
		};
		A1ECEAD32BB6D742001C8CB2 /* Components */ = {
			isa = PBXGroup;
			children = (
				A1ECEAD42BB6D762001C8CB2 /* ShakeyBellView.swift */,
			);
			path = Components;
			sourceTree = "<group>";
		};
/* End PBXGroup section */

/* Begin PBXNativeTarget section */
		A11773912BAD6F7F00A27F35 /* BankeyApp */ = {
			isa = PBXNativeTarget;
			buildConfigurationList = A11773A62BAD6F8000A27F35 /* Build configuration list for PBXNativeTarget "BankeyApp" */;
			buildPhases = (
				A117738E2BAD6F7F00A27F35 /* Sources */,
				A117738F2BAD6F7F00A27F35 /* Frameworks */,
				A11773902BAD6F7F00A27F35 /* Resources */,
			);
			buildRules = (
			);
			dependencies = (
			);
			name = BankeyApp;
			productName = BankeyApp;
			productReference = A11773922BAD6F7F00A27F35 /* BankeyApp.app */;
			productType = "com.apple.product-type.application";
		};
		A12FF8822BB31B190071A118 /* BankeyAppUnitTests */ = {
			isa = PBXNativeTarget;
			buildConfigurationList = A12FF8892BB31B190071A118 /* Build configuration list for PBXNativeTarget "BankeyAppUnitTests" */;
			buildPhases = (
				A12FF87F2BB31B190071A118 /* Sources */,
				A12FF8802BB31B190071A118 /* Frameworks */,
				A12FF8812BB31B190071A118 /* Resources */,
			);
			buildRules = (
			);
			dependencies = (
				A12FF8882BB31B190071A118 /* PBXTargetDependency */,
			);
			name = BankeyAppUnitTests;
			productName = BankeyAppUnitTests;
			productReference = A12FF8832BB31B190071A118 /* BankeyAppUnitTests.xctest */;
			productType = "com.apple.product-type.bundle.unit-test";
		};
/* End PBXNativeTarget section */

/* Begin PBXProject section */
		A117738A2BAD6F7F00A27F35 /* Project object */ = {
			isa = PBXProject;
			attributes = {
				BuildIndependentTargetsInParallel = 1;
				LastSwiftUpdateCheck = 1530;
				LastUpgradeCheck = 1530;
				TargetAttributes = {
					A11773912BAD6F7F00A27F35 = {
						CreatedOnToolsVersion = 15.3;
					};
					A12FF8822BB31B190071A118 = {
						CreatedOnToolsVersion = 15.3;
						LastSwiftMigration = 1530;
						TestTargetID = A11773912BAD6F7F00A27F35;
					};
				};
			};
			buildConfigurationList = A117738D2BAD6F7F00A27F35 /* Build configuration list for PBXProject "BankeyApp" */;
			compatibilityVersion = "Xcode 14.0";
			developmentRegion = en;
			hasScannedForEncodings = 0;
			knownRegions = (
				en,
				Base,
			);
			mainGroup = A11773892BAD6F7F00A27F35;
			productRefGroup = A11773932BAD6F7F00A27F35 /* Products */;
			projectDirPath = "";
			projectRoot = "";
			targets = (
				A11773912BAD6F7F00A27F35 /* BankeyApp */,
				A12FF8822BB31B190071A118 /* BankeyAppUnitTests */,
			);
		};
/* End PBXProject section */

/* Begin PBXResourcesBuildPhase section */
		A11773902BAD6F7F00A27F35 /* Resources */ = {
			isa = PBXResourcesBuildPhase;
			buildActionMask = 2147483647;
			files = (
				A12FF8742BB2E39A0071A118 /* AccountSummaryHeaderView.xib in Resources */,
				A117739F2BAD6F8000A27F35 /* Assets.xcassets in Resources */,
				A11773A22BAD6F8000A27F35 /* Base in Resources */,
			);
			runOnlyForDeploymentPostprocessing = 0;
		};
		A12FF8812BB31B190071A118 /* Resources */ = {
			isa = PBXResourcesBuildPhase;
			buildActionMask = 2147483647;
			files = (
			);
			runOnlyForDeploymentPostprocessing = 0;
		};
/* End PBXResourcesBuildPhase section */

/* Begin PBXSourcesBuildPhase section */
		A117738E2BAD6F7F00A27F35 /* Sources */ = {
			isa = PBXSourcesBuildPhase;
			buildActionMask = 2147483647;
			files = (
				A1879B602BB0A481001C62E6 /* UIViewController+Utils.swift in Sources */,
				A1486AB62BB95D7100AA3352 /* Date+Utils.swift in Sources */,
				A11773AC2BAD75A700A27F35 /* LoginView.swift in Sources */,
				A15BD6082BAF0C37001799B0 /* LocalState.swift in Sources */,
				A12FF8722BB2E3320071A118 /* AccountSummaryHeaderView.swift in Sources */,
				A15BD6052BAF05C7001799B0 /* DummyViewController.swift in Sources */,
				A12FF87E2BB312690071A118 /* CurrencyFormatter.swift in Sources */,
				A117739A2BAD6F7F00A27F35 /* LoginViewController.swift in Sources */,
				A1ECEAD02BB6C078001C8CB2 /* NSNotificationName.swift in Sources */,
				A1ECEAD22BB6C226001C8CB2 /* UITextField+SecureToggle.swift in Sources */,
				A12FF87C2BB3124F0071A118 /* Decimal+Utils.swift in Sources */,
				A1ECEAD52BB6D762001C8CB2 /* ShakeyBellView.swift in Sources */,
				A12FF87A2BB2F3040071A118 /* AccountSummaryCell.swift in Sources */,
				A15BD6032BAED7DE001799B0 /* OnboardingViewController.swift in Sources */,
				A1879B622BB0A5AE001C62E6 /* MainViewController.swift in Sources */,
				A12FF8702BB2E00E0071A118 /* AccountSummaryViewController.swift in Sources */,
				A11773962BAD6F7F00A27F35 /* AppDelegate.swift in Sources */,
				A15BD6012BAED234001799B0 /* OnboardingContainerViewController.swift in Sources */,
				A1486AB82BB95F1C00AA3352 /* AccountSummaryViewController+Networking.swift in Sources */,
			);
			runOnlyForDeploymentPostprocessing = 0;
		};
		A12FF87F2BB31B190071A118 /* Sources */ = {
			isa = PBXSourcesBuildPhase;
			buildActionMask = 2147483647;
			files = (
				A12FF88D2BB31BE40071A118 /* CurrencyFormatterTest.swift in Sources */,
			);
			runOnlyForDeploymentPostprocessing = 0;
		};
/* End PBXSourcesBuildPhase section */

/* Begin PBXTargetDependency section */
		A12FF8882BB31B190071A118 /* PBXTargetDependency */ = {
			isa = PBXTargetDependency;
			target = A11773912BAD6F7F00A27F35 /* BankeyApp */;
			targetProxy = A12FF8872BB31B190071A118 /* PBXContainerItemProxy */;
		};
/* End PBXTargetDependency section */

/* Begin PBXVariantGroup section */
		A11773A02BAD6F8000A27F35 /* LaunchScreen.storyboard */ = {
			isa = PBXVariantGroup;
			children = (
				A11773A12BAD6F8000A27F35 /* Base */,
			);
			name = LaunchScreen.storyboard;
			sourceTree = "<group>";
		};
/* End PBXVariantGroup section */

/* Begin XCBuildConfiguration section */
		A11773A42BAD6F8000A27F35 /* Debug */ = {
			isa = XCBuildConfiguration;
			buildSettings = {
				ALWAYS_SEARCH_USER_PATHS = NO;
				ASSETCATALOG_COMPILER_GENERATE_SWIFT_ASSET_SYMBOL_EXTENSIONS = YES;
				CLANG_ANALYZER_NONNULL = YES;
				CLANG_ANALYZER_NUMBER_OBJECT_CONVERSION = YES_AGGRESSIVE;
				CLANG_CXX_LANGUAGE_STANDARD = "gnu++20";
				CLANG_ENABLE_MODULES = YES;
				CLANG_ENABLE_OBJC_ARC = YES;
				CLANG_ENABLE_OBJC_WEAK = YES;
				CLANG_WARN_BLOCK_CAPTURE_AUTORELEASING = YES;
				CLANG_WARN_BOOL_CONVERSION = YES;
				CLANG_WARN_COMMA = YES;
				CLANG_WARN_CONSTANT_CONVERSION = YES;
				CLANG_WARN_DEPRECATED_OBJC_IMPLEMENTATIONS = YES;
				CLANG_WARN_DIRECT_OBJC_ISA_USAGE = YES_ERROR;
				CLANG_WARN_DOCUMENTATION_COMMENTS = YES;
				CLANG_WARN_EMPTY_BODY = YES;
				CLANG_WARN_ENUM_CONVERSION = YES;
				CLANG_WARN_INFINITE_RECURSION = YES;
				CLANG_WARN_INT_CONVERSION = YES;
				CLANG_WARN_NON_LITERAL_NULL_CONVERSION = YES;
				CLANG_WARN_OBJC_IMPLICIT_RETAIN_SELF = YES;
				CLANG_WARN_OBJC_LITERAL_CONVERSION = YES;
				CLANG_WARN_OBJC_ROOT_CLASS = YES_ERROR;
				CLANG_WARN_QUOTED_INCLUDE_IN_FRAMEWORK_HEADER = YES;
				CLANG_WARN_RANGE_LOOP_ANALYSIS = YES;
				CLANG_WARN_STRICT_PROTOTYPES = YES;
				CLANG_WARN_SUSPICIOUS_MOVE = YES;
				CLANG_WARN_UNGUARDED_AVAILABILITY = YES_AGGRESSIVE;
				CLANG_WARN_UNREACHABLE_CODE = YES;
				CLANG_WARN__DUPLICATE_METHOD_MATCH = YES;
				COPY_PHASE_STRIP = NO;
				DEBUG_INFORMATION_FORMAT = dwarf;
				ENABLE_STRICT_OBJC_MSGSEND = YES;
				ENABLE_TESTABILITY = YES;
				ENABLE_USER_SCRIPT_SANDBOXING = YES;
				GCC_C_LANGUAGE_STANDARD = gnu17;
				GCC_DYNAMIC_NO_PIC = NO;
				GCC_NO_COMMON_BLOCKS = YES;
				GCC_OPTIMIZATION_LEVEL = 0;
				GCC_PREPROCESSOR_DEFINITIONS = (
					"DEBUG=1",
					"$(inherited)",
				);
				GCC_WARN_64_TO_32_BIT_CONVERSION = YES;
				GCC_WARN_ABOUT_RETURN_TYPE = YES_ERROR;
				GCC_WARN_UNDECLARED_SELECTOR = YES;
				GCC_WARN_UNINITIALIZED_AUTOS = YES_AGGRESSIVE;
				GCC_WARN_UNUSED_FUNCTION = YES;
				GCC_WARN_UNUSED_VARIABLE = YES;
				IPHONEOS_DEPLOYMENT_TARGET = 17.4;
				LOCALIZATION_PREFERS_STRING_CATALOGS = YES;
				MTL_ENABLE_DEBUG_INFO = INCLUDE_SOURCE;
				MTL_FAST_MATH = YES;
				ONLY_ACTIVE_ARCH = YES;
				SDKROOT = iphoneos;
				SWIFT_ACTIVE_COMPILATION_CONDITIONS = "DEBUG $(inherited)";
				SWIFT_OPTIMIZATION_LEVEL = "-Onone";
			};
			name = Debug;
		};
		A11773A52BAD6F8000A27F35 /* Release */ = {
			isa = XCBuildConfiguration;
			buildSettings = {
				ALWAYS_SEARCH_USER_PATHS = NO;
				ASSETCATALOG_COMPILER_GENERATE_SWIFT_ASSET_SYMBOL_EXTENSIONS = YES;
				CLANG_ANALYZER_NONNULL = YES;
				CLANG_ANALYZER_NUMBER_OBJECT_CONVERSION = YES_AGGRESSIVE;
				CLANG_CXX_LANGUAGE_STANDARD = "gnu++20";
				CLANG_ENABLE_MODULES = YES;
				CLANG_ENABLE_OBJC_ARC = YES;
				CLANG_ENABLE_OBJC_WEAK = YES;
				CLANG_WARN_BLOCK_CAPTURE_AUTORELEASING = YES;
				CLANG_WARN_BOOL_CONVERSION = YES;
				CLANG_WARN_COMMA = YES;
				CLANG_WARN_CONSTANT_CONVERSION = YES;
				CLANG_WARN_DEPRECATED_OBJC_IMPLEMENTATIONS = YES;
				CLANG_WARN_DIRECT_OBJC_ISA_USAGE = YES_ERROR;
				CLANG_WARN_DOCUMENTATION_COMMENTS = YES;
				CLANG_WARN_EMPTY_BODY = YES;
				CLANG_WARN_ENUM_CONVERSION = YES;
				CLANG_WARN_INFINITE_RECURSION = YES;
				CLANG_WARN_INT_CONVERSION = YES;
				CLANG_WARN_NON_LITERAL_NULL_CONVERSION = YES;
				CLANG_WARN_OBJC_IMPLICIT_RETAIN_SELF = YES;
				CLANG_WARN_OBJC_LITERAL_CONVERSION = YES;
				CLANG_WARN_OBJC_ROOT_CLASS = YES_ERROR;
				CLANG_WARN_QUOTED_INCLUDE_IN_FRAMEWORK_HEADER = YES;
				CLANG_WARN_RANGE_LOOP_ANALYSIS = YES;
				CLANG_WARN_STRICT_PROTOTYPES = YES;
				CLANG_WARN_SUSPICIOUS_MOVE = YES;
				CLANG_WARN_UNGUARDED_AVAILABILITY = YES_AGGRESSIVE;
				CLANG_WARN_UNREACHABLE_CODE = YES;
				CLANG_WARN__DUPLICATE_METHOD_MATCH = YES;
				COPY_PHASE_STRIP = NO;
				DEBUG_INFORMATION_FORMAT = "dwarf-with-dsym";
				ENABLE_NS_ASSERTIONS = NO;
				ENABLE_STRICT_OBJC_MSGSEND = YES;
				ENABLE_USER_SCRIPT_SANDBOXING = YES;
				GCC_C_LANGUAGE_STANDARD = gnu17;
				GCC_NO_COMMON_BLOCKS = YES;
				GCC_WARN_64_TO_32_BIT_CONVERSION = YES;
				GCC_WARN_ABOUT_RETURN_TYPE = YES_ERROR;
				GCC_WARN_UNDECLARED_SELECTOR = YES;
				GCC_WARN_UNINITIALIZED_AUTOS = YES_AGGRESSIVE;
				GCC_WARN_UNUSED_FUNCTION = YES;
				GCC_WARN_UNUSED_VARIABLE = YES;
				IPHONEOS_DEPLOYMENT_TARGET = 17.4;
				LOCALIZATION_PREFERS_STRING_CATALOGS = YES;
				MTL_ENABLE_DEBUG_INFO = NO;
				MTL_FAST_MATH = YES;
				SDKROOT = iphoneos;
				SWIFT_COMPILATION_MODE = wholemodule;
				VALIDATE_PRODUCT = YES;
			};
			name = Release;
		};
		A11773A72BAD6F8000A27F35 /* Debug */ = {
			isa = XCBuildConfiguration;
			buildSettings = {
				ASSETCATALOG_COMPILER_APPICON_NAME = AppIcon;
				ASSETCATALOG_COMPILER_GLOBAL_ACCENT_COLOR_NAME = AccentColor;
				CODE_SIGN_STYLE = Automatic;
				CURRENT_PROJECT_VERSION = 1;
				DEVELOPMENT_TEAM = 5RR382V6CX;
				GENERATE_INFOPLIST_FILE = YES;
				INFOPLIST_FILE = BankeyApp/Info.plist;
				INFOPLIST_KEY_UIApplicationSupportsIndirectInputEvents = YES;
				INFOPLIST_KEY_UILaunchStoryboardName = LaunchScreen;
				INFOPLIST_KEY_UISupportedInterfaceOrientations_iPad = "UIInterfaceOrientationPortrait UIInterfaceOrientationPortraitUpsideDown UIInterfaceOrientationLandscapeLeft UIInterfaceOrientationLandscapeRight";
				INFOPLIST_KEY_UISupportedInterfaceOrientations_iPhone = "UIInterfaceOrientationPortrait UIInterfaceOrientationLandscapeLeft UIInterfaceOrientationLandscapeRight";
				LD_RUNPATH_SEARCH_PATHS = (
					"$(inherited)",
					"@executable_path/Frameworks",
				);
				MARKETING_VERSION = 1.0;
				PRODUCT_BUNDLE_IDENTIFIER = com.kotyk.BankeyApp;
				PRODUCT_NAME = "$(TARGET_NAME)";
				SWIFT_EMIT_LOC_STRINGS = YES;
				SWIFT_VERSION = 5.0;
				TARGETED_DEVICE_FAMILY = "1,2";
			};
			name = Debug;
		};
		A11773A82BAD6F8000A27F35 /* Release */ = {
			isa = XCBuildConfiguration;
			buildSettings = {
				ASSETCATALOG_COMPILER_APPICON_NAME = AppIcon;
				ASSETCATALOG_COMPILER_GLOBAL_ACCENT_COLOR_NAME = AccentColor;
				CODE_SIGN_STYLE = Automatic;
				CURRENT_PROJECT_VERSION = 1;
				DEVELOPMENT_TEAM = 5RR382V6CX;
				GENERATE_INFOPLIST_FILE = YES;
				INFOPLIST_FILE = BankeyApp/Info.plist;
				INFOPLIST_KEY_UIApplicationSupportsIndirectInputEvents = YES;
				INFOPLIST_KEY_UILaunchStoryboardName = LaunchScreen;
				INFOPLIST_KEY_UISupportedInterfaceOrientations_iPad = "UIInterfaceOrientationPortrait UIInterfaceOrientationPortraitUpsideDown UIInterfaceOrientationLandscapeLeft UIInterfaceOrientationLandscapeRight";
				INFOPLIST_KEY_UISupportedInterfaceOrientations_iPhone = "UIInterfaceOrientationPortrait UIInterfaceOrientationLandscapeLeft UIInterfaceOrientationLandscapeRight";
				LD_RUNPATH_SEARCH_PATHS = (
					"$(inherited)",
					"@executable_path/Frameworks",
				);
				MARKETING_VERSION = 1.0;
				PRODUCT_BUNDLE_IDENTIFIER = com.kotyk.BankeyApp;
				PRODUCT_NAME = "$(TARGET_NAME)";
				SWIFT_EMIT_LOC_STRINGS = YES;
				SWIFT_VERSION = 5.0;
				TARGETED_DEVICE_FAMILY = "1,2";
			};
			name = Release;
		};
		A12FF88A2BB31B190071A118 /* Debug */ = {
			isa = XCBuildConfiguration;
			buildSettings = {
				BUNDLE_LOADER = "$(TEST_HOST)";
				CLANG_ENABLE_MODULES = YES;
				CODE_SIGN_STYLE = Automatic;
				CURRENT_PROJECT_VERSION = 1;
				DEVELOPMENT_TEAM = 5RR382V6CX;
				GENERATE_INFOPLIST_FILE = YES;
				MARKETING_VERSION = 1.0;
				PRODUCT_BUNDLE_IDENTIFIER = com.kotyk.BankeyAppUnitTests;
				PRODUCT_NAME = "$(TARGET_NAME)";
				SWIFT_EMIT_LOC_STRINGS = NO;
				SWIFT_OPTIMIZATION_LEVEL = "-Onone";
				SWIFT_VERSION = 5.0;
				TARGETED_DEVICE_FAMILY = "1,2";
				TEST_HOST = "$(BUILT_PRODUCTS_DIR)/BankeyApp.app/$(BUNDLE_EXECUTABLE_FOLDER_PATH)/BankeyApp";
			};
			name = Debug;
		};
		A12FF88B2BB31B190071A118 /* Release */ = {
			isa = XCBuildConfiguration;
			buildSettings = {
				BUNDLE_LOADER = "$(TEST_HOST)";
				CLANG_ENABLE_MODULES = YES;
				CODE_SIGN_STYLE = Automatic;
				CURRENT_PROJECT_VERSION = 1;
				DEVELOPMENT_TEAM = 5RR382V6CX;
				GENERATE_INFOPLIST_FILE = YES;
				MARKETING_VERSION = 1.0;
				PRODUCT_BUNDLE_IDENTIFIER = com.kotyk.BankeyAppUnitTests;
				PRODUCT_NAME = "$(TARGET_NAME)";
				SWIFT_EMIT_LOC_STRINGS = NO;
				SWIFT_VERSION = 5.0;
				TARGETED_DEVICE_FAMILY = "1,2";
				TEST_HOST = "$(BUILT_PRODUCTS_DIR)/BankeyApp.app/$(BUNDLE_EXECUTABLE_FOLDER_PATH)/BankeyApp";
			};
			name = Release;
		};
/* End XCBuildConfiguration section */

/* Begin XCConfigurationList section */
		A117738D2BAD6F7F00A27F35 /* Build configuration list for PBXProject "BankeyApp" */ = {
			isa = XCConfigurationList;
			buildConfigurations = (
				A11773A42BAD6F8000A27F35 /* Debug */,
				A11773A52BAD6F8000A27F35 /* Release */,
			);
			defaultConfigurationIsVisible = 0;
			defaultConfigurationName = Release;
		};
		A11773A62BAD6F8000A27F35 /* Build configuration list for PBXNativeTarget "BankeyApp" */ = {
			isa = XCConfigurationList;
			buildConfigurations = (
				A11773A72BAD6F8000A27F35 /* Debug */,
				A11773A82BAD6F8000A27F35 /* Release */,
			);
			defaultConfigurationIsVisible = 0;
			defaultConfigurationName = Release;
		};
		A12FF8892BB31B190071A118 /* Build configuration list for PBXNativeTarget "BankeyAppUnitTests" */ = {
			isa = XCConfigurationList;
			buildConfigurations = (
				A12FF88A2BB31B190071A118 /* Debug */,
				A12FF88B2BB31B190071A118 /* Release */,
			);
			defaultConfigurationIsVisible = 0;
			defaultConfigurationName = Release;
		};
/* End XCConfigurationList section */
	};
	rootObject = A117738A2BAD6F7F00A27F35 /* Project object */;
}
